<?xml version="1.0" encoding="utf-8"?>
<Project ToolsVersion="4.0" xmlns="http://schemas.microsoft.com/developer/msbuild/2003">
  <ItemGroup>
    <Filter Include="Source Files">
      <UniqueIdentifier>{4FC737F1-C7A5-4376-A066-2A32D752A2FF}</UniqueIdentifier>
      <Extensions>cpp;c;cc;cxx;def;odl;idl;hpj;bat;asm;asmx</Extensions>
    </Filter>
    <Filter Include="Header Files">
      <UniqueIdentifier>{93995380-89BD-4b04-88EB-625FBE52EBFB}</UniqueIdentifier>
      <Extensions>h;hh;hpp;hxx;hm;inl;inc;xsd</Extensions>
    </Filter>
    <Filter Include="Resource Files">
      <UniqueIdentifier>{67DA6AB6-F800-4c08-8B7A-83BB121AAD01}</UniqueIdentifier>
      <Extensions>rc;ico;cur;bmp;dlg;rc2;rct;bin;rgs;gif;jpg;jpeg;jpe;resx;tiff;tif;png;wav;mfcribbon-ms</Extensions>
    </Filter>
    <Filter Include="Header Files\core">
      <UniqueIdentifier>{75a30053-3bf4-47ba-a6e5-3d136d328b98}</UniqueIdentifier>
    </Filter>
    <Filter Include="Header Files\render">
      <UniqueIdentifier>{9ad8c08c-86e5-4fa2-a4dd-f8924f471a88}</UniqueIdentifier>
    </Filter>
    <Filter Include="Header Files\game">
      <UniqueIdentifier>{6f3167a6-f737-45cb-92df-545116a49cf1}</UniqueIdentifier>
    </Filter>
    <Filter Include="Header Files\uncertain">
      <UniqueIdentifier>{e9d710a9-54c6-4240-ab40-d15ddbeff4aa}</UniqueIdentifier>
    </Filter>
    <Filter Include="Header Files\algorithm">
      <UniqueIdentifier>{53051bcd-be4b-44f1-9e41-4473b15d93b5}</UniqueIdentifier>
    </Filter>
  </ItemGroup>
  <ItemGroup>
    <Text Include="ReadMe.txt" />
  </ItemGroup>
  <ItemGroup>
    <ClInclude Include="targetver.h">
      <Filter>Header Files\uncertain</Filter>
    </ClInclude>
    <ClInclude Include="algorithm\astar.h">
      <Filter>Header Files\algorithm</Filter>
    </ClInclude>
    <ClInclude Include="core\bakamain.h">
      <Filter>Header Files\core</Filter>
    </ClInclude>
    <ClInclude Include="core\D2dPrerequisite.h">
      <Filter>Header Files\core</Filter>
    </ClInclude>
    <ClInclude Include="core\stdafx.h">
      <Filter>Header Files\core</Filter>
    </ClInclude>
    <ClInclude Include="game\bakagame.h">
      <Filter>Header Files\game</Filter>
    </ClInclude>
    <ClInclude Include="render\render_system.h">
      <Filter>Header Files\render</Filter>
    </ClInclude>
    <ClInclude Include="render\sprite.h">
      <Filter>Header Files\render</Filter>
    </ClInclude>
    <ClInclude Include="render\textureset.h">
      <Filter>Header Files\render</Filter>
    </ClInclude>
    <ClInclude Include="uncertain\Container.h">
      <Filter>Header Files\uncertain</Filter>
    </ClInclude>
    <ClInclude Include="uncertain\global.h">
      <Filter>Header Files\uncertain</Filter>
    </ClInclude>
    <ClInclude Include="uncertain\handle_deployer.h">
      <Filter>Header Files\uncertain</Filter>
    </ClInclude>
    <ClInclude Include="uncertain\Point.h">
      <Filter>Header Files\uncertain</Filter>
    </ClInclude>
    <ClInclude Include="uncertain\resource.h">
      <Filter>Header Files\uncertain</Filter>
    </ClInclude>
  </ItemGroup>
  <ItemGroup>
    <ClCompile Include="dllmain.cpp">
      <Filter>Source Files</Filter>
    </ClCompile>
    <ClCompile Include="BaseContainer.cpp">
      <Filter>Source Files</Filter>
    </ClCompile>
    <ClCompile Include="HandleManager.cpp">
      <Filter>Source Files</Filter>
    </ClCompile>
    <ClCompile Include="Render.cpp">
      <Filter>Source Files</Filter>
    </ClCompile>
    <ClCompile Include="texture.cpp">
      <Filter>Source Files</Filter>
    </ClCompile>
    <ClCompile Include="control.cpp">
      <Filter>Source Files</Filter>
    </ClCompile>
    <ClCompile Include="main.cpp">
      <Filter>Source Files</Filter>
    </ClCompile>
    <ClCompile Include="sprite.cpp">
      <Filter>Source Files</Filter>
    </ClCompile>
    <ClCompile Include="algorithm.cpp">
      <Filter>Source Files</Filter>
    </ClCompile>
    <ClCompile Include="algorithm\astar.cpp">
      <Filter>Source Files</Filter>
    </ClCompile>
  </ItemGroup>
  <ItemGroup>
    <ResourceCompile Include="projectbaka.rc">
      <Filter>Resource Files</Filter>
    </ResourceCompile>
  </ItemGroup>
  <ItemGroup>
    <Image Include="bitmap2.bmp">
      <Filter>Resource Files</Filter>
    </Image>
  </ItemGroup>
</Project>